
Microsoft Visual Studio Solution File, Format Version 12.00
# Visual Studio 2015
Project("{FAE04EC0-301F-11D3-BF4B-00C04F79EFBC}") = "A Lonely World.Plugins", "A Lonely World.Plugins.csproj", "{29DFF6A2-40DC-7261-6046-3A500AA3094E}"
EndProject
Project("{FAE04EC0-301F-11D3-BF4B-00C04F79EFBC}") = "A Lonely World.Editor.Plugins", "A Lonely World.Editor.Plugins.csproj", "{3221F416-D6F2-24D7-5964-5E6D47E5A76E}"
EndProject
Global
	GlobalSection(SolutionConfigurationPlatforms) = preSolution
		Debug|Any CPU = Debug|Any CPU
		Release|Any CPU = Release|Any CPU
	EndGlobalSection
	GlobalSection(ProjectConfigurationPlatforms) = postSolution
		{29DFF6A2-40DC-7261-6046-3A500AA3094E}.Debug|Any CPU.ActiveCfg = Debug|Any CPU
		{29DFF6A2-40DC-7261-6046-3A500AA3094E}.Debug|Any CPU.Build.0 = Debug|Any CPU
		{29DFF6A2-40DC-7261-6046-3A500AA3094E}.Release|Any CPU.ActiveCfg = Release|Any CPU
		{29DFF6A2-40DC-7261-6046-3A500AA3094E}.Release|Any CPU.Build.0 = Release|Any CPU
		{3221F416-D6F2-24D7-5964-5E6D47E5A76E}.Debug|Any CPU.ActiveCfg = Debug|Any CPU
		{3221F416-D6F2-24D7-5964-5E6D47E5A76E}.Debug|Any CPU.Build.0 = Debug|Any CPU
		{3221F416-D6F2-24D7-5964-5E6D47E5A76E}.Release|Any CPU.ActiveCfg = Release|Any CPU
		{3221F416-D6F2-24D7-5964-5E6D47E5A76E}.Release|Any CPU.Build.0 = Release|Any CPU
	EndGlobalSection
	GlobalSection(SolutionProperties) = preSolution
		HideSolutionNode = FALSE
	EndGlobalSection
EndGlobal
